
Microsoft Visual Studio Solution File, Format Version 12.00
# Visual Studio Version 17
VisualStudioVersion = 17.8.34511.84
MinimumVisualStudioVersion = 10.0.40219.1
Project("{FAE04EC0-301F-11D3-BF4B-00C04F79EFBC}") = "Portal 2 Skinpack", "Portal 2 Skinpack.csproj", "{E598B962-7205-4AC4-BB8B-BD9FE8F65A94}"
EndProject
Global
	GlobalSection(SolutionConfigurationPlatforms) = preSolution
		Debug|Any CPU = Debug|Any CPU
		Release|Any CPU = Release|Any CPU
	EndGlobalSection
	GlobalSection(ProjectConfigurationPlatforms) = postSolution
		{E598B962-7205-4AC4-BB8B-BD9FE8F65A94}.Debug|Any CPU.ActiveCfg = Debug|Any CPU
		{E598B962-7205-4AC4-BB8B-BD9FE8F65A94}.Debug|Any CPU.Build.0 = Debug|Any CPU
		{E598B962-7205-4AC4-BB8B-BD9FE8F65A94}.Release|Any CPU.ActiveCfg = Release|Any CPU
		{E598B962-7205-4AC4-BB8B-BD9FE8F65A94}.Release|Any CPU.Build.0 = Release|Any CPU
	EndGlobalSection
	GlobalSection(SolutionProperties) = preSolution
		HideSolutionNode = FALSE
	EndGlobalSection
	GlobalSection(ExtensibilityGlobals) = postSolution
		SolutionGuid = {DF229A02-5321-45D0-8918-F717E2C86462}
	EndGlobalSection
EndGlobal
